// !$*UTF8*$!
{
	archiveVersion = 1;
	classes = {
	};
	objectVersion = 48;
	objects = {

/* Begin PBXBuildFile section */
		520D348B2160E87C00AE8AE0 /* FilesViewController.swift in Sources */ = {isa = PBXBuildFile; fileRef = 520D348A2160E87C00AE8AE0 /* FilesViewController.swift */; };
		520D348D2160EA2600AE8AE0 /* FileListController.swift in Sources */ = {isa = PBXBuildFile; fileRef = 520D348C2160EA2600AE8AE0 /* FileListController.swift */; };
		520D348F2160EAC800AE8AE0 /* FileCell.swift in Sources */ = {isa = PBXBuildFile; fileRef = 520D348E2160EAC800AE8AE0 /* FileCell.swift */; };
		520D34932160ED8400AE8AE0 /* DetailViewController.swift in Sources */ = {isa = PBXBuildFile; fileRef = 520D34922160ED8400AE8AE0 /* DetailViewController.swift */; };
		520D3499216114CB00AE8AE0 /* Files.swift in Sources */ = {isa = PBXBuildFile; fileRef = 520D3498216114CB00AE8AE0 /* Files.swift */; };
		520D349B21611D4900AE8AE0 /* tick.png in Resources */ = {isa = PBXBuildFile; fileRef = 520D349A21611D4900AE8AE0 /* tick.png */; };
		5212FF5221568B5D00579B08 /* ConnectedController.swift in Sources */ = {isa = PBXBuildFile; fileRef = 5212FF4A21568B5C00579B08 /* ConnectedController.swift */; };
		5212FF5321568B5D00579B08 /* DragDropViewController.swift in Sources */ = {isa = PBXBuildFile; fileRef = 5212FF4B21568B5C00579B08 /* DragDropViewController.swift */; };
		5212FF5421568B5D00579B08 /* DrawingView.swift in Sources */ = {isa = PBXBuildFile; fileRef = 5212FF4C21568B5C00579B08 /* DrawingView.swift */; };
		5212FF5521568B5D00579B08 /* DrawingViewController.swift in Sources */ = {isa = PBXBuildFile; fileRef = 5212FF4D21568B5C00579B08 /* DrawingViewController.swift */; };
		5212FF5621568B5D00579B08 /* EditorViewController.swift in Sources */ = {isa = PBXBuildFile; fileRef = 5212FF4E21568B5C00579B08 /* EditorViewController.swift */; };
		5212FF5721568B5D00579B08 /* ListController.swift in Sources */ = {isa = PBXBuildFile; fileRef = 5212FF4F21568B5C00579B08 /* ListController.swift */; };
		5212FF5821568B5D00579B08 /* TextEntryController.swift in Sources */ = {isa = PBXBuildFile; fileRef = 5212FF5021568B5C00579B08 /* TextEntryController.swift */; };
		5212FF5921568B5D00579B08 /* NavViewController.swift in Sources */ = {isa = PBXBuildFile; fileRef = 5212FF5121568B5C00579B08 /* NavViewController.swift */; };
		5212FF6A21568BD300579B08 /* LineGraph.swift in Sources */ = {isa = PBXBuildFile; fileRef = 5212FF5B21568BD200579B08 /* LineGraph.swift */; };
		5212FF6B21568BD300579B08 /* LineList.swift in Sources */ = {isa = PBXBuildFile; fileRef = 5212FF5C21568BD200579B08 /* LineList.swift */; };
		5212FF6C21568BD300579B08 /* LineSegment.swift in Sources */ = {isa = PBXBuildFile; fileRef = 5212FF5D21568BD200579B08 /* LineSegment.swift */; };
		5212FF6D21568BD300579B08 /* MinMax.swift in Sources */ = {isa = PBXBuildFile; fileRef = 5212FF5E21568BD200579B08 /* MinMax.swift */; };
		5212FF6E21568BD300579B08 /* AppReducer.swift in Sources */ = {isa = PBXBuildFile; fileRef = 5212FF6021568BD200579B08 /* AppReducer.swift */; };
		5212FF6F21568BD300579B08 /* AppState.swift in Sources */ = {isa = PBXBuildFile; fileRef = 5212FF6121568BD200579B08 /* AppState.swift */; };
		5212FF7321568BD300579B08 /* ListItemsState.swift in Sources */ = {isa = PBXBuildFile; fileRef = 5212FF6521568BD200579B08 /* ListItemsState.swift */; };
		5212FF7421568BD300579B08 /* Geom.swift in Sources */ = {isa = PBXBuildFile; fileRef = 5212FF6721568BD200579B08 /* Geom.swift */; };
		5212FF7521568BD300579B08 /* IndexUtils.swift in Sources */ = {isa = PBXBuildFile; fileRef = 5212FF6821568BD200579B08 /* IndexUtils.swift */; };
		5212FF7621568BD300579B08 /* MathUtils.swift in Sources */ = {isa = PBXBuildFile; fileRef = 5212FF6921568BD200579B08 /* MathUtils.swift */; };
		5212FF7921568BF600579B08 /* Actions.swift in Sources */ = {isa = PBXBuildFile; fileRef = 5212FF7821568BF600579B08 /* Actions.swift */; };
		5212FF7C21568CCE00579B08 /* DraggerView.swift in Sources */ = {isa = PBXBuildFile; fileRef = 5212FF7A21568CCD00579B08 /* DraggerView.swift */; };
		5212FF7D21568CCE00579B08 /* ItemCell.swift in Sources */ = {isa = PBXBuildFile; fileRef = 5212FF7B21568CCD00579B08 /* ItemCell.swift */; };
		5212FF7F215693F200579B08 /* ClickPos.swift in Sources */ = {isa = PBXBuildFile; fileRef = 5212FF7E215693F100579B08 /* ClickPos.swift */; };
		523CA96E215C21E9001BE9E0 /* DesignViewController.swift in Sources */ = {isa = PBXBuildFile; fileRef = 523CA96D215C21E9001BE9E0 /* DesignViewController.swift */; };
		5272C69021A0C7D6000ACED1 /* LayoutUtils.swift in Sources */ = {isa = PBXBuildFile; fileRef = 5272C68F21A0C7D5000ACED1 /* LayoutUtils.swift */; };
		5276A911217CE015004F6047 /* FileState.swift in Sources */ = {isa = PBXBuildFile; fileRef = 5276A910217CE015004F6047 /* FileState.swift */; };
		5276A915217CE053004F6047 /* NavState.swift in Sources */ = {isa = PBXBuildFile; fileRef = 5276A913217CE053004F6047 /* NavState.swift */; };
		5276A917217CEF09004F6047 /* PPageViewController.swift in Sources */ = {isa = PBXBuildFile; fileRef = 5276A916217CEF09004F6047 /* PPageViewController.swift */; };
		5276A91A217CF3CA004F6047 /* pat1.jpg in Resources */ = {isa = PBXBuildFile; fileRef = 5276A918217CF3C9004F6047 /* pat1.jpg */; };
		5276A91B217CF3CA004F6047 /* pat2.jpg in Resources */ = {isa = PBXBuildFile; fileRef = 5276A919217CF3C9004F6047 /* pat2.jpg */; };
		52A54D272185E73700DF0ADD /* DragItemModel.swift in Sources */ = {isa = PBXBuildFile; fileRef = 52A54D262185E73600DF0ADD /* DragItemModel.swift */; };
		52A54D2B2185EC5B00DF0ADD /* FileMaker.swift in Sources */ = {isa = PBXBuildFile; fileRef = 52A54D2A2185EC5B00DF0ADD /* FileMaker.swift */; };
		52A54D2D2186077700DF0ADD /* Manager.swift in Sources */ = {isa = PBXBuildFile; fileRef = 52A54D2C2186077600DF0ADD /* Manager.swift */; };
		52A54D2F218611DA00DF0ADD /* TabsState.swift in Sources */ = {isa = PBXBuildFile; fileRef = 52A54D2E218611DA00DF0ADD /* TabsState.swift */; };
		52A54D342186132F00DF0ADD /* FileModel.swift in Sources */ = {isa = PBXBuildFile; fileRef = 52A54D332186132F00DF0ADD /* FileModel.swift */; };
		52A54D3721861F6800DF0ADD /* TabButtonsController.swift in Sources */ = {isa = PBXBuildFile; fileRef = 52A54D3521861F6800DF0ADD /* TabButtonsController.swift */; };
		52A54D3A21861FD700DF0ADD /* TabContentController.swift in Sources */ = {isa = PBXBuildFile; fileRef = 52A54D3921861FD600DF0ADD /* TabContentController.swift */; };
		52A54D3C2186244100DF0ADD /* ListMaker.swift in Sources */ = {isa = PBXBuildFile; fileRef = 52A54D3B2186244100DF0ADD /* ListMaker.swift */; };
		52ADA12821406D8200C1862F /* img.png in Resources */ = {isa = PBXBuildFile; fileRef = 52ADA12721406D8200C1862F /* img.png */; };
		52ADA12E214088BF00C1862F /* img1.png in Resources */ = {isa = PBXBuildFile; fileRef = 52ADA12D214088BF00C1862F /* img1.png */; };
		52B4A66121453FDB00E761C3 /* img2.png in Resources */ = {isa = PBXBuildFile; fileRef = 52B4A66021453FDB00E761C3 /* img2.png */; };
		52CE633D20F9F3DC003278E9 /* AppDelegate.swift in Sources */ = {isa = PBXBuildFile; fileRef = 52CE633C20F9F3DC003278E9 /* AppDelegate.swift */; };
		52CE634220F9F3DC003278E9 /* Main.storyboard in Resources */ = {isa = PBXBuildFile; fileRef = 52CE634020F9F3DC003278E9 /* Main.storyboard */; };
		52CE634420F9F3DC003278E9 /* Assets.xcassets in Resources */ = {isa = PBXBuildFile; fileRef = 52CE634320F9F3DC003278E9 /* Assets.xcassets */; };
		52CE634720F9F3DC003278E9 /* LaunchScreen.storyboard in Resources */ = {isa = PBXBuildFile; fileRef = 52CE634520F9F3DC003278E9 /* LaunchScreen.storyboard */; };
		52CE634F20F9F860003278E9 /* Extensions.swift in Sources */ = {isa = PBXBuildFile; fileRef = 52CE634E20F9F860003278E9 /* Extensions.swift */; };
		52E85AF62104C078004CDB27 /* GroupP3M1.swift in Sources */ = {isa = PBXBuildFile; fileRef = 52E85AF52104C078004CDB27 /* GroupP3M1.swift */; };
		52F075D5214EB63F0085BB21 /* del.png in Resources */ = {isa = PBXBuildFile; fileRef = 52F075D4214EB63F0085BB21 /* del.png */; };
		52F59D2421A18D1300225E81 /* Consts.swift in Sources */ = {isa = PBXBuildFile; fileRef = 52F59D2321A18D1300225E81 /* Consts.swift */; };
		8283E47F42C413BDBB390E98 /* Pods_patterns.framework in Frameworks */ = {isa = PBXBuildFile; fileRef = CAFBCFFBE9296BEA4667D638 /* Pods_patterns.framework */; };
/* End PBXBuildFile section */

/* Begin PBXFileReference section */
		016FDC4AB5A8AC4B98B6D16E /* Pods-patterns.debug.xcconfig */ = {isa = PBXFileReference; includeInIndex = 1; lastKnownFileType = text.xcconfig; name = "Pods-patterns.debug.xcconfig"; path = "Pods/Target Support Files/Pods-patterns/Pods-patterns.debug.xcconfig"; sourceTree = "<group>"; };
		520D348A2160E87C00AE8AE0 /* FilesViewController.swift */ = {isa = PBXFileReference; fileEncoding = 4; lastKnownFileType = sourcecode.swift; path = FilesViewController.swift; sourceTree = "<group>"; };
		520D348C2160EA2600AE8AE0 /* FileListController.swift */ = {isa = PBXFileReference; fileEncoding = 4; lastKnownFileType = sourcecode.swift; path = FileListController.swift; sourceTree = "<group>"; };
		520D348E2160EAC800AE8AE0 /* FileCell.swift */ = {isa = PBXFileReference; fileEncoding = 4; lastKnownFileType = sourcecode.swift; path = FileCell.swift; sourceTree = "<group>"; };
		520D34922160ED8400AE8AE0 /* DetailViewController.swift */ = {isa = PBXFileReference; fileEncoding = 4; lastKnownFileType = sourcecode.swift; path = DetailViewController.swift; sourceTree = "<group>"; };
		520D3498216114CB00AE8AE0 /* Files.swift */ = {isa = PBXFileReference; fileEncoding = 4; lastKnownFileType = sourcecode.swift; path = Files.swift; sourceTree = "<group>"; };
		520D349A21611D4900AE8AE0 /* tick.png */ = {isa = PBXFileReference; lastKnownFileType = image.png; path = tick.png; sourceTree = "<group>"; };
		5212FF4A21568B5C00579B08 /* ConnectedController.swift */ = {isa = PBXFileReference; fileEncoding = 4; lastKnownFileType = sourcecode.swift; path = ConnectedController.swift; sourceTree = "<group>"; };
		5212FF4B21568B5C00579B08 /* DragDropViewController.swift */ = {isa = PBXFileReference; fileEncoding = 4; lastKnownFileType = sourcecode.swift; path = DragDropViewController.swift; sourceTree = "<group>"; };
		5212FF4C21568B5C00579B08 /* DrawingView.swift */ = {isa = PBXFileReference; fileEncoding = 4; lastKnownFileType = sourcecode.swift; path = DrawingView.swift; sourceTree = "<group>"; };
		5212FF4D21568B5C00579B08 /* DrawingViewController.swift */ = {isa = PBXFileReference; fileEncoding = 4; lastKnownFileType = sourcecode.swift; path = DrawingViewController.swift; sourceTree = "<group>"; };
		5212FF4E21568B5C00579B08 /* EditorViewController.swift */ = {isa = PBXFileReference; fileEncoding = 4; lastKnownFileType = sourcecode.swift; path = EditorViewController.swift; sourceTree = "<group>"; };
		5212FF4F21568B5C00579B08 /* ListController.swift */ = {isa = PBXFileReference; fileEncoding = 4; lastKnownFileType = sourcecode.swift; path = ListController.swift; sourceTree = "<group>"; };
		5212FF5021568B5C00579B08 /* TextEntryController.swift */ = {isa = PBXFileReference; fileEncoding = 4; lastKnownFileType = sourcecode.swift; path = TextEntryController.swift; sourceTree = "<group>"; };
		5212FF5121568B5C00579B08 /* NavViewController.swift */ = {isa = PBXFileReference; fileEncoding = 4; lastKnownFileType = sourcecode.swift; path = NavViewController.swift; sourceTree = "<group>"; };
		5212FF5B21568BD200579B08 /* LineGraph.swift */ = {isa = PBXFileReference; fileEncoding = 4; lastKnownFileType = sourcecode.swift; path = LineGraph.swift; sourceTree = "<group>"; };
		5212FF5C21568BD200579B08 /* LineList.swift */ = {isa = PBXFileReference; fileEncoding = 4; lastKnownFileType = sourcecode.swift; path = LineList.swift; sourceTree = "<group>"; };
		5212FF5D21568BD200579B08 /* LineSegment.swift */ = {isa = PBXFileReference; fileEncoding = 4; lastKnownFileType = sourcecode.swift; path = LineSegment.swift; sourceTree = "<group>"; };
		5212FF5E21568BD200579B08 /* MinMax.swift */ = {isa = PBXFileReference; fileEncoding = 4; lastKnownFileType = sourcecode.swift; path = MinMax.swift; sourceTree = "<group>"; };
		5212FF6021568BD200579B08 /* AppReducer.swift */ = {isa = PBXFileReference; fileEncoding = 4; lastKnownFileType = sourcecode.swift; path = AppReducer.swift; sourceTree = "<group>"; };
		5212FF6121568BD200579B08 /* AppState.swift */ = {isa = PBXFileReference; fileEncoding = 4; lastKnownFileType = sourcecode.swift; path = AppState.swift; sourceTree = "<group>"; };
		5212FF6521568BD200579B08 /* ListItemsState.swift */ = {isa = PBXFileReference; fileEncoding = 4; lastKnownFileType = sourcecode.swift; path = ListItemsState.swift; sourceTree = "<group>"; };
		5212FF6721568BD200579B08 /* Geom.swift */ = {isa = PBXFileReference; fileEncoding = 4; lastKnownFileType = sourcecode.swift; path = Geom.swift; sourceTree = "<group>"; };
		5212FF6821568BD200579B08 /* IndexUtils.swift */ = {isa = PBXFileReference; fileEncoding = 4; lastKnownFileType = sourcecode.swift; path = IndexUtils.swift; sourceTree = "<group>"; };
		5212FF6921568BD200579B08 /* MathUtils.swift */ = {isa = PBXFileReference; fileEncoding = 4; lastKnownFileType = sourcecode.swift; path = MathUtils.swift; sourceTree = "<group>"; };
		5212FF7821568BF600579B08 /* Actions.swift */ = {isa = PBXFileReference; fileEncoding = 4; lastKnownFileType = sourcecode.swift; path = Actions.swift; sourceTree = "<group>"; };
		5212FF7A21568CCD00579B08 /* DraggerView.swift */ = {isa = PBXFileReference; fileEncoding = 4; lastKnownFileType = sourcecode.swift; path = DraggerView.swift; sourceTree = "<group>"; };
		5212FF7B21568CCD00579B08 /* ItemCell.swift */ = {isa = PBXFileReference; fileEncoding = 4; lastKnownFileType = sourcecode.swift; path = ItemCell.swift; sourceTree = "<group>"; };
		5212FF7E215693F100579B08 /* ClickPos.swift */ = {isa = PBXFileReference; fileEncoding = 4; lastKnownFileType = sourcecode.swift; path = ClickPos.swift; sourceTree = "<group>"; };
		523CA96D215C21E9001BE9E0 /* DesignViewController.swift */ = {isa = PBXFileReference; fileEncoding = 4; lastKnownFileType = sourcecode.swift; path = DesignViewController.swift; sourceTree = "<group>"; };
		5272C68F21A0C7D5000ACED1 /* LayoutUtils.swift */ = {isa = PBXFileReference; fileEncoding = 4; lastKnownFileType = sourcecode.swift; path = LayoutUtils.swift; sourceTree = "<group>"; };
		5276A910217CE015004F6047 /* FileState.swift */ = {isa = PBXFileReference; fileEncoding = 4; lastKnownFileType = sourcecode.swift; path = FileState.swift; sourceTree = "<group>"; };
		5276A913217CE053004F6047 /* NavState.swift */ = {isa = PBXFileReference; fileEncoding = 4; lastKnownFileType = sourcecode.swift; path = NavState.swift; sourceTree = "<group>"; };
		5276A916217CEF09004F6047 /* PPageViewController.swift */ = {isa = PBXFileReference; fileEncoding = 4; lastKnownFileType = sourcecode.swift; path = PPageViewController.swift; sourceTree = "<group>"; };
		5276A918217CF3C9004F6047 /* pat1.jpg */ = {isa = PBXFileReference; lastKnownFileType = image.jpeg; path = pat1.jpg; sourceTree = "<group>"; };
		5276A919217CF3C9004F6047 /* pat2.jpg */ = {isa = PBXFileReference; lastKnownFileType = image.jpeg; path = pat2.jpg; sourceTree = "<group>"; };
		52A54D262185E73600DF0ADD /* DragItemModel.swift */ = {isa = PBXFileReference; fileEncoding = 4; lastKnownFileType = sourcecode.swift; path = DragItemModel.swift; sourceTree = "<group>"; };
		52A54D2A2185EC5B00DF0ADD /* FileMaker.swift */ = {isa = PBXFileReference; fileEncoding = 4; lastKnownFileType = sourcecode.swift; path = FileMaker.swift; sourceTree = "<group>"; };
		52A54D2C2186077600DF0ADD /* Manager.swift */ = {isa = PBXFileReference; fileEncoding = 4; lastKnownFileType = sourcecode.swift; path = Manager.swift; sourceTree = "<group>"; };
		52A54D2E218611DA00DF0ADD /* TabsState.swift */ = {isa = PBXFileReference; fileEncoding = 4; lastKnownFileType = sourcecode.swift; path = TabsState.swift; sourceTree = "<group>"; };
		52A54D332186132F00DF0ADD /* FileModel.swift */ = {isa = PBXFileReference; fileEncoding = 4; lastKnownFileType = sourcecode.swift; path = FileModel.swift; sourceTree = "<group>"; };
		52A54D3521861F6800DF0ADD /* TabButtonsController.swift */ = {isa = PBXFileReference; fileEncoding = 4; lastKnownFileType = sourcecode.swift; path = TabButtonsController.swift; sourceTree = "<group>"; };
		52A54D3921861FD600DF0ADD /* TabContentController.swift */ = {isa = PBXFileReference; fileEncoding = 4; lastKnownFileType = sourcecode.swift; path = TabContentController.swift; sourceTree = "<group>"; };
		52A54D3B2186244100DF0ADD /* ListMaker.swift */ = {isa = PBXFileReference; fileEncoding = 4; lastKnownFileType = sourcecode.swift; path = ListMaker.swift; sourceTree = "<group>"; };
		52ADA12721406D8200C1862F /* img.png */ = {isa = PBXFileReference; lastKnownFileType = image.png; path = img.png; sourceTree = "<group>"; };
		52ADA12D214088BF00C1862F /* img1.png */ = {isa = PBXFileReference; lastKnownFileType = image.png; path = img1.png; sourceTree = "<group>"; };
		52B4A66021453FDB00E761C3 /* img2.png */ = {isa = PBXFileReference; lastKnownFileType = image.png; path = img2.png; sourceTree = "<group>"; };
		52CE633920F9F3DC003278E9 /* patterns.app */ = {isa = PBXFileReference; explicitFileType = wrapper.application; includeInIndex = 0; path = patterns.app; sourceTree = BUILT_PRODUCTS_DIR; };
		52CE633C20F9F3DC003278E9 /* AppDelegate.swift */ = {isa = PBXFileReference; lastKnownFileType = sourcecode.swift; path = AppDelegate.swift; sourceTree = "<group>"; };
		52CE634120F9F3DC003278E9 /* Base */ = {isa = PBXFileReference; lastKnownFileType = file.storyboard; name = Base; path = Base.lproj/Main.storyboard; sourceTree = "<group>"; };
		52CE634320F9F3DC003278E9 /* Assets.xcassets */ = {isa = PBXFileReference; lastKnownFileType = folder.assetcatalog; path = Assets.xcassets; sourceTree = "<group>"; };
		52CE634620F9F3DC003278E9 /* Base */ = {isa = PBXFileReference; lastKnownFileType = file.storyboard; name = Base; path = Base.lproj/LaunchScreen.storyboard; sourceTree = "<group>"; };
		52CE634820F9F3DC003278E9 /* Info.plist */ = {isa = PBXFileReference; lastKnownFileType = text.plist.xml; path = Info.plist; sourceTree = "<group>"; };
		52CE634E20F9F860003278E9 /* Extensions.swift */ = {isa = PBXFileReference; fileEncoding = 4; lastKnownFileType = sourcecode.swift; path = Extensions.swift; sourceTree = "<group>"; };
		52E85AF52104C078004CDB27 /* GroupP3M1.swift */ = {isa = PBXFileReference; fileEncoding = 4; lastKnownFileType = sourcecode.swift; path = GroupP3M1.swift; sourceTree = "<group>"; };
		52F075D4214EB63F0085BB21 /* del.png */ = {isa = PBXFileReference; lastKnownFileType = image.png; path = del.png; sourceTree = "<group>"; };
		52F59D2321A18D1300225E81 /* Consts.swift */ = {isa = PBXFileReference; fileEncoding = 4; lastKnownFileType = sourcecode.swift; path = Consts.swift; sourceTree = "<group>"; };
		88CB83FAA9C12238FBDBA1CF /* Pods-patterns.release.xcconfig */ = {isa = PBXFileReference; includeInIndex = 1; lastKnownFileType = text.xcconfig; name = "Pods-patterns.release.xcconfig"; path = "Pods/Target Support Files/Pods-patterns/Pods-patterns.release.xcconfig"; sourceTree = "<group>"; };
		CAFBCFFBE9296BEA4667D638 /* Pods_patterns.framework */ = {isa = PBXFileReference; explicitFileType = wrapper.framework; includeInIndex = 0; path = Pods_patterns.framework; sourceTree = BUILT_PRODUCTS_DIR; };
/* End PBXFileReference section */

/* Begin PBXFrameworksBuildPhase section */
		52CE633620F9F3DC003278E9 /* Frameworks */ = {
			isa = PBXFrameworksBuildPhase;
			buildActionMask = 2147483647;
			files = (
				8283E47F42C413BDBB390E98 /* Pods_patterns.framework in Frameworks */,
			);
			runOnlyForDeploymentPostprocessing = 0;
		};
/* End PBXFrameworksBuildPhase section */

/* Begin PBXGroup section */
		3B69C428115247C55C35E790 /* Frameworks */ = {
			isa = PBXGroup;
			children = (
				CAFBCFFBE9296BEA4667D638 /* Pods_patterns.framework */,
			);
			name = Frameworks;
			sourceTree = "<group>";
		};
		5212FF4921568B5C00579B08 /* views */ = {
			isa = PBXGroup;
			children = (
				52A54D3921861FD600DF0ADD /* TabContentController.swift */,
				52A54D3521861F6800DF0ADD /* TabButtonsController.swift */,
				5276A916217CEF09004F6047 /* PPageViewController.swift */,
				520D34922160ED8400AE8AE0 /* DetailViewController.swift */,
				520D348E2160EAC800AE8AE0 /* FileCell.swift */,
				520D348C2160EA2600AE8AE0 /* FileListController.swift */,
				520D348A2160E87C00AE8AE0 /* FilesViewController.swift */,
				523CA96D215C21E9001BE9E0 /* DesignViewController.swift */,
				5212FF7E215693F100579B08 /* ClickPos.swift */,
				5212FF7A21568CCD00579B08 /* DraggerView.swift */,
				5212FF7B21568CCD00579B08 /* ItemCell.swift */,
				5212FF4A21568B5C00579B08 /* ConnectedController.swift */,
				5212FF4B21568B5C00579B08 /* DragDropViewController.swift */,
				5212FF4C21568B5C00579B08 /* DrawingView.swift */,
				5212FF4D21568B5C00579B08 /* DrawingViewController.swift */,
				5212FF4E21568B5C00579B08 /* EditorViewController.swift */,
				5212FF4F21568B5C00579B08 /* ListController.swift */,
				5212FF5021568B5C00579B08 /* TextEntryController.swift */,
				5212FF5121568B5C00579B08 /* NavViewController.swift */,
			);
			path = views;
			sourceTree = "<group>";
		};
		5212FF5A21568BD200579B08 /* paths */ = {
			isa = PBXGroup;
			children = (
				5212FF5B21568BD200579B08 /* LineGraph.swift */,
				5212FF5C21568BD200579B08 /* LineList.swift */,
				5212FF5D21568BD200579B08 /* LineSegment.swift */,
				5212FF5E21568BD200579B08 /* MinMax.swift */,
			);
			path = paths;
			sourceTree = "<group>";
		};
		5212FF5F21568BD200579B08 /* state */ = {
			isa = PBXGroup;
			children = (
				52A54D2E218611DA00DF0ADD /* TabsState.swift */,
				52A54D262185E73600DF0ADD /* DragItemModel.swift */,
				5212FF6021568BD200579B08 /* AppReducer.swift */,
				5276A913217CE053004F6047 /* NavState.swift */,
				5212FF6121568BD200579B08 /* AppState.swift */,
				5276A910217CE015004F6047 /* FileState.swift */,
				5212FF6521568BD200579B08 /* ListItemsState.swift */,
			);
			path = state;
			sourceTree = "<group>";
		};
		5212FF6621568BD200579B08 /* utils */ = {
			isa = PBXGroup;
			children = (
				5272C68F21A0C7D5000ACED1 /* LayoutUtils.swift */,
				52A54D3B2186244100DF0ADD /* ListMaker.swift */,
				52A54D2A2185EC5B00DF0ADD /* FileMaker.swift */,
				520D3498216114CB00AE8AE0 /* Files.swift */,
				5212FF6721568BD200579B08 /* Geom.swift */,
				5212FF6821568BD200579B08 /* IndexUtils.swift */,
				5212FF6921568BD200579B08 /* MathUtils.swift */,
			);
			path = utils;
			sourceTree = "<group>";
		};
		5212FF7721568BF600579B08 /* actions */ = {
			isa = PBXGroup;
			children = (
				5212FF7821568BF600579B08 /* Actions.swift */,
			);
			path = actions;
			sourceTree = "<group>";
		};
		52A54D302186131C00DF0ADD /* model */ = {
			isa = PBXGroup;
			children = (
				52A54D332186132F00DF0ADD /* FileModel.swift */,
			);
			path = model;
			sourceTree = "<group>";
		};
		52ADA12621406D8200C1862F /* assets */ = {
			isa = PBXGroup;
			children = (
				5276A918217CF3C9004F6047 /* pat1.jpg */,
				5276A919217CF3C9004F6047 /* pat2.jpg */,
				520D349A21611D4900AE8AE0 /* tick.png */,
				52F075D4214EB63F0085BB21 /* del.png */,
				52B4A66021453FDB00E761C3 /* img2.png */,
				52ADA12D214088BF00C1862F /* img1.png */,
				52ADA12721406D8200C1862F /* img.png */,
			);
			path = assets;
			sourceTree = "<group>";
		};
		52CE633020F9F3DC003278E9 = {
			isa = PBXGroup;
			children = (
				52CE633B20F9F3DC003278E9 /* patterns */,
				52CE633A20F9F3DC003278E9 /* Products */,
				CD136021DFFA6DF9790B3A15 /* Pods */,
				3B69C428115247C55C35E790 /* Frameworks */,
			);
			sourceTree = "<group>";
		};
		52CE633A20F9F3DC003278E9 /* Products */ = {
			isa = PBXGroup;
			children = (
				52CE633920F9F3DC003278E9 /* patterns.app */,
			);
			name = Products;
			sourceTree = "<group>";
		};
		52CE633B20F9F3DC003278E9 /* patterns */ = {
			isa = PBXGroup;
			children = (
				52F59D2021A18BD700225E81 /* consts */,
				52A54D2C2186077600DF0ADD /* Manager.swift */,
				52A54D302186131C00DF0ADD /* model */,
				5212FF7721568BF600579B08 /* actions */,
				5212FF5A21568BD200579B08 /* paths */,
				5212FF5F21568BD200579B08 /* state */,
				5212FF6621568BD200579B08 /* utils */,
				52ADA12621406D8200C1862F /* assets */,
				5212FF4921568B5C00579B08 /* views */,
				52E85AF42104C078004CDB27 /* groups */,
				52CE634E20F9F860003278E9 /* Extensions.swift */,
				52CE633C20F9F3DC003278E9 /* AppDelegate.swift */,
				52CE634020F9F3DC003278E9 /* Main.storyboard */,
				52CE634320F9F3DC003278E9 /* Assets.xcassets */,
				52CE634520F9F3DC003278E9 /* LaunchScreen.storyboard */,
				52CE634820F9F3DC003278E9 /* Info.plist */,
			);
			path = patterns;
			sourceTree = "<group>";
		};
		52E85AF42104C078004CDB27 /* groups */ = {
			isa = PBXGroup;
			children = (
				52E85AF52104C078004CDB27 /* GroupP3M1.swift */,
			);
			path = groups;
			sourceTree = "<group>";
		};
		52F59D2021A18BD700225E81 /* consts */ = {
			isa = PBXGroup;
			children = (
				52F59D2321A18D1300225E81 /* Consts.swift */,
			);
			path = consts;
			sourceTree = "<group>";
		};
		CD136021DFFA6DF9790B3A15 /* Pods */ = {
			isa = PBXGroup;
			children = (
				016FDC4AB5A8AC4B98B6D16E /* Pods-patterns.debug.xcconfig */,
				88CB83FAA9C12238FBDBA1CF /* Pods-patterns.release.xcconfig */,
			);
			name = Pods;
			sourceTree = "<group>";
		};
/* End PBXGroup section */

/* Begin PBXNativeTarget section */
		52CE633820F9F3DC003278E9 /* patterns */ = {
			isa = PBXNativeTarget;
			buildConfigurationList = 52CE634B20F9F3DC003278E9 /* Build configuration list for PBXNativeTarget "patterns" */;
			buildPhases = (
				FAD39F0D296ED3FB59D9B828 /* [CP] Check Pods Manifest.lock */,
				52CE633520F9F3DC003278E9 /* Sources */,
				52CE633620F9F3DC003278E9 /* Frameworks */,
				52CE633720F9F3DC003278E9 /* Resources */,
				2C7FF67763586A91C26A46F7 /* [CP] Embed Pods Frameworks */,
			);
			buildRules = (
			);
			dependencies = (
			);
			name = patterns;
			productName = patterns;
			productReference = 52CE633920F9F3DC003278E9 /* patterns.app */;
			productType = "com.apple.product-type.application";
		};
/* End PBXNativeTarget section */

/* Begin PBXProject section */
		52CE633120F9F3DC003278E9 /* Project object */ = {
			isa = PBXProject;
			attributes = {
				LastSwiftUpdateCheck = 0920;
				LastUpgradeCheck = 0920;
				ORGANIZATIONNAME = jgrindall;
				TargetAttributes = {
					52CE633820F9F3DC003278E9 = {
						CreatedOnToolsVersion = 9.2;
						ProvisioningStyle = Automatic;
					};
				};
			};
			buildConfigurationList = 52CE633420F9F3DC003278E9 /* Build configuration list for PBXProject "patterns" */;
			compatibilityVersion = "Xcode 8.0";
			developmentRegion = en;
			hasScannedForEncodings = 0;
			knownRegions = (
				en,
				Base,
			);
			mainGroup = 52CE633020F9F3DC003278E9;
			productRefGroup = 52CE633A20F9F3DC003278E9 /* Products */;
			projectDirPath = "";
			projectRoot = "";
			targets = (
				52CE633820F9F3DC003278E9 /* patterns */,
			);
		};
/* End PBXProject section */

/* Begin PBXResourcesBuildPhase section */
		52CE633720F9F3DC003278E9 /* Resources */ = {
			isa = PBXResourcesBuildPhase;
			buildActionMask = 2147483647;
			files = (
				52CE634720F9F3DC003278E9 /* LaunchScreen.storyboard in Resources */,
				52ADA12E214088BF00C1862F /* img1.png in Resources */,
				520D349B21611D4900AE8AE0 /* tick.png in Resources */,
				52B4A66121453FDB00E761C3 /* img2.png in Resources */,
				5276A91A217CF3CA004F6047 /* pat1.jpg in Resources */,
				52F075D5214EB63F0085BB21 /* del.png in Resources */,
				5276A91B217CF3CA004F6047 /* pat2.jpg in Resources */,
				52CE634420F9F3DC003278E9 /* Assets.xcassets in Resources */,
				52CE634220F9F3DC003278E9 /* Main.storyboard in Resources */,
				52ADA12821406D8200C1862F /* img.png in Resources */,
			);
			runOnlyForDeploymentPostprocessing = 0;
		};
/* End PBXResourcesBuildPhase section */

/* Begin PBXShellScriptBuildPhase section */
		2C7FF67763586A91C26A46F7 /* [CP] Embed Pods Frameworks */ = {
			isa = PBXShellScriptBuildPhase;
			buildActionMask = 2147483647;
			files = (
			);
			inputPaths = (
				"${SRCROOT}/Pods/Target Support Files/Pods-patterns/Pods-patterns-frameworks.sh",
				"${BUILT_PRODUCTS_DIR}/Disk/Disk.framework",
				"${BUILT_PRODUCTS_DIR}/RSClipperWrapper/RSClipperWrapper.framework",
				"${BUILT_PRODUCTS_DIR}/ReSwift/ReSwift.framework",
			);
			name = "[CP] Embed Pods Frameworks";
			outputPaths = (
				"${TARGET_BUILD_DIR}/${FRAMEWORKS_FOLDER_PATH}/Disk.framework",
				"${TARGET_BUILD_DIR}/${FRAMEWORKS_FOLDER_PATH}/RSClipperWrapper.framework",
				"${TARGET_BUILD_DIR}/${FRAMEWORKS_FOLDER_PATH}/ReSwift.framework",
			);
			runOnlyForDeploymentPostprocessing = 0;
			shellPath = /bin/sh;
			shellScript = "\"${SRCROOT}/Pods/Target Support Files/Pods-patterns/Pods-patterns-frameworks.sh\"\n";
			showEnvVarsInLog = 0;
		};
		FAD39F0D296ED3FB59D9B828 /* [CP] Check Pods Manifest.lock */ = {
			isa = PBXShellScriptBuildPhase;
			buildActionMask = 2147483647;
			files = (
			);
			inputPaths = (
				"${PODS_PODFILE_DIR_PATH}/Podfile.lock",
				"${PODS_ROOT}/Manifest.lock",
			);
			name = "[CP] Check Pods Manifest.lock";
			outputPaths = (
				"$(DERIVED_FILE_DIR)/Pods-patterns-checkManifestLockResult.txt",
			);
			runOnlyForDeploymentPostprocessing = 0;
			shellPath = /bin/sh;
			shellScript = "diff \"${PODS_PODFILE_DIR_PATH}/Podfile.lock\" \"${PODS_ROOT}/Manifest.lock\" > /dev/null\nif [ $? != 0 ] ; then\n    # print error to STDERR\n    echo \"error: The sandbox is not in sync with the Podfile.lock. Run 'pod install' or update your CocoaPods installation.\" >&2\n    exit 1\nfi\n# This output is used by Xcode 'outputs' to avoid re-running this script phase.\necho \"SUCCESS\" > \"${SCRIPT_OUTPUT_FILE_0}\"\n";
			showEnvVarsInLog = 0;
		};
/* End PBXShellScriptBuildPhase section */

/* Begin PBXSourcesBuildPhase section */
		52CE633520F9F3DC003278E9 /* Sources */ = {
			isa = PBXSourcesBuildPhase;
			buildActionMask = 2147483647;
			files = (
				5212FF6D21568BD300579B08 /* MinMax.swift in Sources */,
				52A54D3721861F6800DF0ADD /* TabButtonsController.swift in Sources */,
				520D34932160ED8400AE8AE0 /* DetailViewController.swift in Sources */,
				52A54D2B2185EC5B00DF0ADD /* FileMaker.swift in Sources */,
				5212FF7921568BF600579B08 /* Actions.swift in Sources */,
				5212FF7D21568CCE00579B08 /* ItemCell.swift in Sources */,
				5212FF5221568B5D00579B08 /* ConnectedController.swift in Sources */,
				5212FF6F21568BD300579B08 /* AppState.swift in Sources */,
				5212FF6C21568BD300579B08 /* LineSegment.swift in Sources */,
				52A54D3C2186244100DF0ADD /* ListMaker.swift in Sources */,
				5212FF6B21568BD300579B08 /* LineList.swift in Sources */,
				5212FF5821568B5D00579B08 /* TextEntryController.swift in Sources */,
				5212FF6A21568BD300579B08 /* LineGraph.swift in Sources */,
				520D348F2160EAC800AE8AE0 /* FileCell.swift in Sources */,
				52A54D272185E73700DF0ADD /* DragItemModel.swift in Sources */,
				5212FF7421568BD300579B08 /* Geom.swift in Sources */,
				52F59D2421A18D1300225E81 /* Consts.swift in Sources */,
				52E85AF62104C078004CDB27 /* GroupP3M1.swift in Sources */,
				5212FF5321568B5D00579B08 /* DragDropViewController.swift in Sources */,
				52CE634F20F9F860003278E9 /* Extensions.swift in Sources */,
				5276A917217CEF09004F6047 /* PPageViewController.swift in Sources */,
				5212FF7521568BD300579B08 /* IndexUtils.swift in Sources */,
				52A54D2D2186077700DF0ADD /* Manager.swift in Sources */,
				5212FF5721568B5D00579B08 /* ListController.swift in Sources */,
				523CA96E215C21E9001BE9E0 /* DesignViewController.swift in Sources */,
				5212FF6E21568BD300579B08 /* AppReducer.swift in Sources */,
				5276A911217CE015004F6047 /* FileState.swift in Sources */,
				5212FF7621568BD300579B08 /* MathUtils.swift in Sources */,
				5272C69021A0C7D6000ACED1 /* LayoutUtils.swift in Sources */,
				52A54D3A21861FD700DF0ADD /* TabContentController.swift in Sources */,
				5212FF5521568B5D00579B08 /* DrawingViewController.swift in Sources */,
				5276A915217CE053004F6047 /* NavState.swift in Sources */,
				520D348D2160EA2600AE8AE0 /* FileListController.swift in Sources */,
				52A54D2F218611DA00DF0ADD /* TabsState.swift in Sources */,
				52A54D342186132F00DF0ADD /* FileModel.swift in Sources */,
				5212FF7F215693F200579B08 /* ClickPos.swift in Sources */,
				5212FF5921568B5D00579B08 /* NavViewController.swift in Sources */,
				520D3499216114CB00AE8AE0 /* Files.swift in Sources */,
				5212FF7321568BD300579B08 /* ListItemsState.swift in Sources */,
				52CE633D20F9F3DC003278E9 /* AppDelegate.swift in Sources */,
				5212FF5621568B5D00579B08 /* EditorViewController.swift in Sources */,
				5212FF5421568B5D00579B08 /* DrawingView.swift in Sources */,
				520D348B2160E87C00AE8AE0 /* FilesViewController.swift in Sources */,
				5212FF7C21568CCE00579B08 /* DraggerView.swift in Sources */,
			);
			runOnlyForDeploymentPostprocessing = 0;
		};
/* End PBXSourcesBuildPhase section */

/* Begin PBXVariantGroup section */
		52CE634020F9F3DC003278E9 /* Main.storyboard */ = {
			isa = PBXVariantGroup;
			children = (
				52CE634120F9F3DC003278E9 /* Base */,
			);
			name = Main.storyboard;
			sourceTree = "<group>";
		};
		52CE634520F9F3DC003278E9 /* LaunchScreen.storyboard */ = {
			isa = PBXVariantGroup;
			children = (
				52CE634620F9F3DC003278E9 /* Base */,
			);
			name = LaunchScreen.storyboard;
			sourceTree = "<group>";
		};
/* End PBXVariantGroup section */

/* Begin XCBuildConfiguration section */
		52CE634920F9F3DC003278E9 /* Debug */ = {
			isa = XCBuildConfiguration;
			buildSettings = {
				ALWAYS_SEARCH_USER_PATHS = NO;
				CLANG_ANALYZER_NONNULL = YES;
				CLANG_ANALYZER_NUMBER_OBJECT_CONVERSION = YES_AGGRESSIVE;
				CLANG_CXX_LANGUAGE_STANDARD = "gnu++14";
				CLANG_CXX_LIBRARY = "libc++";
				CLANG_ENABLE_MODULES = YES;
				CLANG_ENABLE_OBJC_ARC = YES;
				CLANG_WARN_BLOCK_CAPTURE_AUTORELEASING = YES;
				CLANG_WARN_BOOL_CONVERSION = YES;
				CLANG_WARN_COMMA = YES;
				CLANG_WARN_CONSTANT_CONVERSION = YES;
				CLANG_WARN_DIRECT_OBJC_ISA_USAGE = YES_ERROR;
				CLANG_WARN_DOCUMENTATION_COMMENTS = YES;
				CLANG_WARN_EMPTY_BODY = YES;
				CLANG_WARN_ENUM_CONVERSION = YES;
				CLANG_WARN_INFINITE_RECURSION = YES;
				CLANG_WARN_INT_CONVERSION = YES;
				CLANG_WARN_NON_LITERAL_NULL_CONVERSION = YES;
				CLANG_WARN_OBJC_LITERAL_CONVERSION = YES;
				CLANG_WARN_OBJC_ROOT_CLASS = YES_ERROR;
				CLANG_WARN_RANGE_LOOP_ANALYSIS = YES;
				CLANG_WARN_STRICT_PROTOTYPES = YES;
				CLANG_WARN_SUSPICIOUS_MOVE = YES;
				CLANG_WARN_UNGUARDED_AVAILABILITY = YES_AGGRESSIVE;
				CLANG_WARN_UNREACHABLE_CODE = YES;
				CLANG_WARN__DUPLICATE_METHOD_MATCH = YES;
				CODE_SIGN_IDENTITY = "iPhone Developer";
				COPY_PHASE_STRIP = NO;
				DEBUG_INFORMATION_FORMAT = dwarf;
				ENABLE_STRICT_OBJC_MSGSEND = YES;
				ENABLE_TESTABILITY = YES;
				GCC_C_LANGUAGE_STANDARD = gnu11;
				GCC_DYNAMIC_NO_PIC = NO;
				GCC_NO_COMMON_BLOCKS = YES;
				GCC_OPTIMIZATION_LEVEL = 0;
				GCC_PREPROCESSOR_DEFINITIONS = (
					"DEBUG=1",
					"$(inherited)",
				);
				GCC_WARN_64_TO_32_BIT_CONVERSION = YES;
				GCC_WARN_ABOUT_RETURN_TYPE = YES_ERROR;
				GCC_WARN_UNDECLARED_SELECTOR = YES;
				GCC_WARN_UNINITIALIZED_AUTOS = YES_AGGRESSIVE;
				GCC_WARN_UNUSED_FUNCTION = YES;
				GCC_WARN_UNUSED_VARIABLE = YES;
				IPHONEOS_DEPLOYMENT_TARGET = 11.2;
				MTL_ENABLE_DEBUG_INFO = YES;
				ONLY_ACTIVE_ARCH = YES;
				SDKROOT = iphoneos;
				SWIFT_ACTIVE_COMPILATION_CONDITIONS = DEBUG;
				SWIFT_OPTIMIZATION_LEVEL = "-Onone";
			};
			name = Debug;
		};
		52CE634A20F9F3DC003278E9 /* Release */ = {
			isa = XCBuildConfiguration;
			buildSettings = {
				ALWAYS_SEARCH_USER_PATHS = NO;
				CLANG_ANALYZER_NONNULL = YES;
				CLANG_ANALYZER_NUMBER_OBJECT_CONVERSION = YES_AGGRESSIVE;
				CLANG_CXX_LANGUAGE_STANDARD = "gnu++14";
				CLANG_CXX_LIBRARY = "libc++";
				CLANG_ENABLE_MODULES = YES;
				CLANG_ENABLE_OBJC_ARC = YES;
				CLANG_WARN_BLOCK_CAPTURE_AUTORELEASING = YES;
				CLANG_WARN_BOOL_CONVERSION = YES;
				CLANG_WARN_COMMA = YES;
				CLANG_WARN_CONSTANT_CONVERSION = YES;
				CLANG_WARN_DIRECT_OBJC_ISA_USAGE = YES_ERROR;
				CLANG_WARN_DOCUMENTATION_COMMENTS = YES;
				CLANG_WARN_EMPTY_BODY = YES;
				CLANG_WARN_ENUM_CONVERSION = YES;
				CLANG_WARN_INFINITE_RECURSION = YES;
				CLANG_WARN_INT_CONVERSION = YES;
				CLANG_WARN_NON_LITERAL_NULL_CONVERSION = YES;
				CLANG_WARN_OBJC_LITERAL_CONVERSION = YES;
				CLANG_WARN_OBJC_ROOT_CLASS = YES_ERROR;
				CLANG_WARN_RANGE_LOOP_ANALYSIS = YES;
				CLANG_WARN_STRICT_PROTOTYPES = YES;
				CLANG_WARN_SUSPICIOUS_MOVE = YES;
				CLANG_WARN_UNGUARDED_AVAILABILITY = YES_AGGRESSIVE;
				CLANG_WARN_UNREACHABLE_CODE = YES;
				CLANG_WARN__DUPLICATE_METHOD_MATCH = YES;
				CODE_SIGN_IDENTITY = "iPhone Developer";
				COPY_PHASE_STRIP = NO;
				DEBUG_INFORMATION_FORMAT = "dwarf-with-dsym";
				ENABLE_NS_ASSERTIONS = NO;
				ENABLE_STRICT_OBJC_MSGSEND = YES;
				GCC_C_LANGUAGE_STANDARD = gnu11;
				GCC_NO_COMMON_BLOCKS = YES;
				GCC_WARN_64_TO_32_BIT_CONVERSION = YES;
				GCC_WARN_ABOUT_RETURN_TYPE = YES_ERROR;
				GCC_WARN_UNDECLARED_SELECTOR = YES;
				GCC_WARN_UNINITIALIZED_AUTOS = YES_AGGRESSIVE;
				GCC_WARN_UNUSED_FUNCTION = YES;
				GCC_WARN_UNUSED_VARIABLE = YES;
				IPHONEOS_DEPLOYMENT_TARGET = 11.2;
				MTL_ENABLE_DEBUG_INFO = NO;
				SDKROOT = iphoneos;
				SWIFT_OPTIMIZATION_LEVEL = "-Owholemodule";
				VALIDATE_PRODUCT = YES;
			};
			name = Release;
		};
		52CE634C20F9F3DC003278E9 /* Debug */ = {
			isa = XCBuildConfiguration;
			baseConfigurationReference = 016FDC4AB5A8AC4B98B6D16E /* Pods-patterns.debug.xcconfig */;
			buildSettings = {
				ASSETCATALOG_COMPILER_APPICON_NAME = AppIcon;
				CODE_SIGN_STYLE = Automatic;
				DEVELOPMENT_TEAM = WDBW628V64;
				INFOPLIST_FILE = patterns/Info.plist;
				IPHONEOS_DEPLOYMENT_TARGET = 9.3;
				LD_RUNPATH_SEARCH_PATHS = "$(inherited) @executable_path/Frameworks";
				PRODUCT_BUNDLE_IDENTIFIER = com.jgrindall.ios.patterns;
				PRODUCT_NAME = "$(TARGET_NAME)";
				SWIFT_VERSION = 4.0;
				TARGETED_DEVICE_FAMILY = "1,2";
			};
			name = Debug;
		};
		52CE634D20F9F3DC003278E9 /* Release */ = {
			isa = XCBuildConfiguration;
			baseConfigurationReference = 88CB83FAA9C12238FBDBA1CF /* Pods-patterns.release.xcconfig */;
			buildSettings = {
				ASSETCATALOG_COMPILER_APPICON_NAME = AppIcon;
				CODE_SIGN_STYLE = Automatic;
				DEVELOPMENT_TEAM = WDBW628V64;
				INFOPLIST_FILE = patterns/Info.plist;
				IPHONEOS_DEPLOYMENT_TARGET = 9.3;
				LD_RUNPATH_SEARCH_PATHS = "$(inherited) @executable_path/Frameworks";
				PRODUCT_BUNDLE_IDENTIFIER = com.jgrindall.ios.patterns;
				PRODUCT_NAME = "$(TARGET_NAME)";
				SWIFT_VERSION = 4.0;
				TARGETED_DEVICE_FAMILY = "1,2";
			};
			name = Release;
		};
/* End XCBuildConfiguration section */

/* Begin XCConfigurationList section */
		52CE633420F9F3DC003278E9 /* Build configuration list for PBXProject "patterns" */ = {
			isa = XCConfigurationList;
			buildConfigurations = (
				52CE634920F9F3DC003278E9 /* Debug */,
				52CE634A20F9F3DC003278E9 /* Release */,
			);
			defaultConfigurationIsVisible = 0;
			defaultConfigurationName = Release;
		};
		52CE634B20F9F3DC003278E9 /* Build configuration list for PBXNativeTarget "patterns" */ = {
			isa = XCConfigurationList;
			buildConfigurations = (
				52CE634C20F9F3DC003278E9 /* Debug */,
				52CE634D20F9F3DC003278E9 /* Release */,
			);
			defaultConfigurationIsVisible = 0;
			defaultConfigurationName = Release;
		};
/* End XCConfigurationList section */
	};
	rootObject = 52CE633120F9F3DC003278E9 /* Project object */;
}
